
Microsoft Visual Studio Solution File, Format Version 12.00
Project("{FAE04EC0-301F-11D3-BF4B-00C04F79EFBC}") = "LastExamBackEndProject", "Backend\LastExamBackEndProject\LastExamBackEndProject.csproj", "{F536BC82-1AA1-45A8-92D3-8CD5F1A4B133}"
EndProject
Global
	GlobalSection(SolutionConfigurationPlatforms) = preSolution
		Debug|Any CPU = Debug|Any CPU
		Release|Any CPU = Release|Any CPU
	EndGlobalSection
	GlobalSection(ProjectConfigurationPlatforms) = postSolution
		{F536BC82-1AA1-45A8-92D3-8CD5F1A4B133}.Debug|Any CPU.ActiveCfg = Debug|Any CPU
		{F536BC82-1AA1-45A8-92D3-8CD5F1A4B133}.Debug|Any CPU.Build.0 = Debug|Any CPU
		{F536BC82-1AA1-45A8-92D3-8CD5F1A4B133}.Release|Any CPU.ActiveCfg = Release|Any CPU
		{F536BC82-1AA1-45A8-92D3-8CD5F1A4B133}.Release|Any CPU.Build.0 = Release|Any CPU
	EndGlobalSection
EndGlobal
